
Microsoft Visual Studio Solution File, Format Version 12.00
# Visual Studio Version 17
VisualStudioVersion = 17.5.002.0
MinimumVisualStudioVersion = 10.0.40219.1
Project("{9A19103F-16F7-4668-BE54-9A1E7A4F7556}") = "HelloWorld", "HelloWorld\HelloWorld.csproj", "{0AD2D783-8372-4372-8EBE-24BE371E9EE3}"
EndProject
Project("{2150E333-8FDC-42A3-9474-1A3956D46DE8}") = "Kaptiel-1", "Kaptiel-1", "{036F262D-C203-45CF-BA37-1E0C2A9F2CB4}"
EndProject
Project("{9A19103F-16F7-4668-BE54-9A1E7A4F7556}") = "Lucktext", "Kaptiel-1\Lucktext\Lucktext.csproj", "{60CCED9C-9F95-4E7D-AF54-2D65092E766F}"
EndProject
Project("{9A19103F-16F7-4668-BE54-9A1E7A4F7556}") = "Registrering", "Kaptiel-1\Registrering\Registrering.csproj", "{5AE387C4-DF36-457A-A368-58637276CFA6}"
EndProject
Project("{2150E333-8FDC-42A3-9474-1A3956D46DE8}") = "Kaptiel-3", "Kaptiel-3", "{9D18A32B-6826-452F-9121-3EFB8065CE2A}"
EndProject
Project("{9A19103F-16F7-4668-BE54-9A1E7A4F7556}") = "EngChart", "Kaptiel-3\EngChart\EngChart.csproj", "{69991833-25F5-4E36-B734-1FADA6543D6B}"
EndProject
Project("{9A19103F-16F7-4668-BE54-9A1E7A4F7556}") = "InteraktivStory", "Kaptiel-3\InteraktivStory\InteraktivStory.csproj", "{B3C6C70F-3009-4285-956F-5B7BD11A2FAD}"
EndProject
Global
	GlobalSection(SolutionConfigurationPlatforms) = preSolution
		Debug|Any CPU = Debug|Any CPU
		Release|Any CPU = Release|Any CPU
	EndGlobalSection
	GlobalSection(ProjectConfigurationPlatforms) = postSolution
		{0AD2D783-8372-4372-8EBE-24BE371E9EE3}.Debug|Any CPU.ActiveCfg = Debug|Any CPU
		{0AD2D783-8372-4372-8EBE-24BE371E9EE3}.Debug|Any CPU.Build.0 = Debug|Any CPU
		{0AD2D783-8372-4372-8EBE-24BE371E9EE3}.Release|Any CPU.ActiveCfg = Release|Any CPU
		{0AD2D783-8372-4372-8EBE-24BE371E9EE3}.Release|Any CPU.Build.0 = Release|Any CPU
		{60CCED9C-9F95-4E7D-AF54-2D65092E766F}.Debug|Any CPU.ActiveCfg = Debug|Any CPU
		{60CCED9C-9F95-4E7D-AF54-2D65092E766F}.Debug|Any CPU.Build.0 = Debug|Any CPU
		{60CCED9C-9F95-4E7D-AF54-2D65092E766F}.Release|Any CPU.ActiveCfg = Release|Any CPU
		{60CCED9C-9F95-4E7D-AF54-2D65092E766F}.Release|Any CPU.Build.0 = Release|Any CPU
		{5AE387C4-DF36-457A-A368-58637276CFA6}.Debug|Any CPU.ActiveCfg = Debug|Any CPU
		{5AE387C4-DF36-457A-A368-58637276CFA6}.Debug|Any CPU.Build.0 = Debug|Any CPU
		{5AE387C4-DF36-457A-A368-58637276CFA6}.Release|Any CPU.ActiveCfg = Release|Any CPU
		{5AE387C4-DF36-457A-A368-58637276CFA6}.Release|Any CPU.Build.0 = Release|Any CPU
		{69991833-25F5-4E36-B734-1FADA6543D6B}.Debug|Any CPU.ActiveCfg = Debug|Any CPU
		{69991833-25F5-4E36-B734-1FADA6543D6B}.Debug|Any CPU.Build.0 = Debug|Any CPU
		{69991833-25F5-4E36-B734-1FADA6543D6B}.Release|Any CPU.ActiveCfg = Release|Any CPU
		{69991833-25F5-4E36-B734-1FADA6543D6B}.Release|Any CPU.Build.0 = Release|Any CPU
		{B3C6C70F-3009-4285-956F-5B7BD11A2FAD}.Debug|Any CPU.ActiveCfg = Debug|Any CPU
		{B3C6C70F-3009-4285-956F-5B7BD11A2FAD}.Debug|Any CPU.Build.0 = Debug|Any CPU
		{B3C6C70F-3009-4285-956F-5B7BD11A2FAD}.Release|Any CPU.ActiveCfg = Release|Any CPU
		{B3C6C70F-3009-4285-956F-5B7BD11A2FAD}.Release|Any CPU.Build.0 = Release|Any CPU
	EndGlobalSection
	GlobalSection(SolutionProperties) = preSolution
		HideSolutionNode = FALSE
	EndGlobalSection
	GlobalSection(NestedProjects) = preSolution
		{60CCED9C-9F95-4E7D-AF54-2D65092E766F} = {036F262D-C203-45CF-BA37-1E0C2A9F2CB4}
		{5AE387C4-DF36-457A-A368-58637276CFA6} = {036F262D-C203-45CF-BA37-1E0C2A9F2CB4}
		{69991833-25F5-4E36-B734-1FADA6543D6B} = {9D18A32B-6826-452F-9121-3EFB8065CE2A}
		{B3C6C70F-3009-4285-956F-5B7BD11A2FAD} = {9D18A32B-6826-452F-9121-3EFB8065CE2A}
	EndGlobalSection
	GlobalSection(ExtensibilityGlobals) = postSolution
		SolutionGuid = {F1110D03-47CE-4C60-9E19-CF6A028AE002}
	EndGlobalSection
EndGlobal
