
Microsoft Visual Studio Solution File, Format Version 12.00
# Visual Studio Version 17
VisualStudioVersion = 17.5.002.0
MinimumVisualStudioVersion = 10.0.40219.1
Project("{9A19103F-16F7-4668-BE54-9A1E7A4F7556}") = "HelloWorld", "HelloWorld\HelloWorld.csproj", "{9C4576AE-D5AA-4D25-8E66-EB948B05D370}"
EndProject
Project("{2150E333-8FDC-42A3-9474-1A3956D46DE8}") = "Kaptiel-1", "Kaptiel-1", "{08EE08FD-9375-41C2-82F1-73F4EBE758D3}"
EndProject
Project("{9A19103F-16F7-4668-BE54-9A1E7A4F7556}") = "Lucktext", "Kaptiel-1\Lucktext\Lucktext.csproj", "{05F65693-3693-4CB8-9403-B9586A2D1EB5}"
EndProject
Project("{9A19103F-16F7-4668-BE54-9A1E7A4F7556}") = "Registrering", "Kaptiel-1\Registrering\Registrering.csproj", "{C3BF9513-848D-4246-8146-E924EB32933E}"
EndProject
Project("{2150E333-8FDC-42A3-9474-1A3956D46DE8}") = "Kaptiel-3", "Kaptiel-3", "{7DA024C4-8586-43AB-8635-0F4E9F53F947}"
EndProject
Project("{9A19103F-16F7-4668-BE54-9A1E7A4F7556}") = "EngChart", "Kaptiel-3\EngChart\EngChart.csproj", "{B2B1D443-EB77-4911-A890-B75739DD2C50}"
EndProject
Global
	GlobalSection(SolutionConfigurationPlatforms) = preSolution
		Debug|Any CPU = Debug|Any CPU
		Release|Any CPU = Release|Any CPU
	EndGlobalSection
	GlobalSection(ProjectConfigurationPlatforms) = postSolution
		{9C4576AE-D5AA-4D25-8E66-EB948B05D370}.Debug|Any CPU.ActiveCfg = Debug|Any CPU
		{9C4576AE-D5AA-4D25-8E66-EB948B05D370}.Debug|Any CPU.Build.0 = Debug|Any CPU
		{9C4576AE-D5AA-4D25-8E66-EB948B05D370}.Release|Any CPU.ActiveCfg = Release|Any CPU
		{9C4576AE-D5AA-4D25-8E66-EB948B05D370}.Release|Any CPU.Build.0 = Release|Any CPU
		{05F65693-3693-4CB8-9403-B9586A2D1EB5}.Debug|Any CPU.ActiveCfg = Debug|Any CPU
		{05F65693-3693-4CB8-9403-B9586A2D1EB5}.Debug|Any CPU.Build.0 = Debug|Any CPU
		{05F65693-3693-4CB8-9403-B9586A2D1EB5}.Release|Any CPU.ActiveCfg = Release|Any CPU
		{05F65693-3693-4CB8-9403-B9586A2D1EB5}.Release|Any CPU.Build.0 = Release|Any CPU
		{C3BF9513-848D-4246-8146-E924EB32933E}.Debug|Any CPU.ActiveCfg = Debug|Any CPU
		{C3BF9513-848D-4246-8146-E924EB32933E}.Debug|Any CPU.Build.0 = Debug|Any CPU
		{C3BF9513-848D-4246-8146-E924EB32933E}.Release|Any CPU.ActiveCfg = Release|Any CPU
		{C3BF9513-848D-4246-8146-E924EB32933E}.Release|Any CPU.Build.0 = Release|Any CPU
		{B2B1D443-EB77-4911-A890-B75739DD2C50}.Debug|Any CPU.ActiveCfg = Debug|Any CPU
		{B2B1D443-EB77-4911-A890-B75739DD2C50}.Debug|Any CPU.Build.0 = Debug|Any CPU
		{B2B1D443-EB77-4911-A890-B75739DD2C50}.Release|Any CPU.ActiveCfg = Release|Any CPU
		{B2B1D443-EB77-4911-A890-B75739DD2C50}.Release|Any CPU.Build.0 = Release|Any CPU
	EndGlobalSection
	GlobalSection(SolutionProperties) = preSolution
		HideSolutionNode = FALSE
	EndGlobalSection
	GlobalSection(NestedProjects) = preSolution
		{05F65693-3693-4CB8-9403-B9586A2D1EB5} = {08EE08FD-9375-41C2-82F1-73F4EBE758D3}
		{C3BF9513-848D-4246-8146-E924EB32933E} = {08EE08FD-9375-41C2-82F1-73F4EBE758D3}
		{B2B1D443-EB77-4911-A890-B75739DD2C50} = {7DA024C4-8586-43AB-8635-0F4E9F53F947}
	EndGlobalSection
	GlobalSection(ExtensibilityGlobals) = postSolution
		SolutionGuid = {F1110D03-47CE-4C60-9E19-CF6A028AE002}
	EndGlobalSection
EndGlobal
