
Microsoft Visual Studio Solution File, Format Version 12.00
# Visual Studio Version 17
VisualStudioVersion = 17.5.002.0
MinimumVisualStudioVersion = 10.0.40219.1
Project("{9A19103F-16F7-4668-BE54-9A1E7A4F7556}") = "FahrenheitCelsius", "FahrenheitCelsius.csproj", "{BEB417D1-BB52-4E42-B01E-FFBB32F82EC4}"
EndProject
Global
	GlobalSection(SolutionConfigurationPlatforms) = preSolution
		Debug|Any CPU = Debug|Any CPU
		Release|Any CPU = Release|Any CPU
	EndGlobalSection
	GlobalSection(ProjectConfigurationPlatforms) = postSolution
		{BEB417D1-BB52-4E42-B01E-FFBB32F82EC4}.Debug|Any CPU.ActiveCfg = Debug|Any CPU
		{BEB417D1-BB52-4E42-B01E-FFBB32F82EC4}.Debug|Any CPU.Build.0 = Debug|Any CPU
		{BEB417D1-BB52-4E42-B01E-FFBB32F82EC4}.Release|Any CPU.ActiveCfg = Release|Any CPU
		{BEB417D1-BB52-4E42-B01E-FFBB32F82EC4}.Release|Any CPU.Build.0 = Release|Any CPU
	EndGlobalSection
	GlobalSection(SolutionProperties) = preSolution
		HideSolutionNode = FALSE
	EndGlobalSection
	GlobalSection(ExtensibilityGlobals) = postSolution
		SolutionGuid = {C31CFE76-DD42-4703-98A9-DE82673C7E4D}
	EndGlobalSection
EndGlobal
