
Microsoft Visual Studio Solution File, Format Version 12.00
# Visual Studio Version 17
VisualStudioVersion = 17.5.002.0
MinimumVisualStudioVersion = 10.0.40219.1
Project("{9A19103F-16F7-4668-BE54-9A1E7A4F7556}") = "MetoderIntro", "MetoderIntro.csproj", "{E5ADE647-F426-4707-B421-BA302B4F6EE8}"
EndProject
Global
	GlobalSection(SolutionConfigurationPlatforms) = preSolution
		Debug|Any CPU = Debug|Any CPU
		Release|Any CPU = Release|Any CPU
	EndGlobalSection
	GlobalSection(ProjectConfigurationPlatforms) = postSolution
		{E5ADE647-F426-4707-B421-BA302B4F6EE8}.Debug|Any CPU.ActiveCfg = Debug|Any CPU
		{E5ADE647-F426-4707-B421-BA302B4F6EE8}.Debug|Any CPU.Build.0 = Debug|Any CPU
		{E5ADE647-F426-4707-B421-BA302B4F6EE8}.Release|Any CPU.ActiveCfg = Release|Any CPU
		{E5ADE647-F426-4707-B421-BA302B4F6EE8}.Release|Any CPU.Build.0 = Release|Any CPU
	EndGlobalSection
	GlobalSection(SolutionProperties) = preSolution
		HideSolutionNode = FALSE
	EndGlobalSection
	GlobalSection(ExtensibilityGlobals) = postSolution
		SolutionGuid = {EDE38164-87DE-4B19-9F93-0CFB4863A664}
	EndGlobalSection
EndGlobal
